
Microsoft Visual Studio Solution File, Format Version 12.00
# Visual Studio Version 16
VisualStudioVersion = 16.0.29306.81
MinimumVisualStudioVersion = 10.0.40219.1
Project("{FAE04EC0-301F-11D3-BF4B-00C04F79EFBC}") = "Weavy", "src\Weavy.csproj", "{70CFFD0F-7B12-43EC-9C57-9080937A6B04}"
EndProject
Global
	GlobalSection(SolutionConfigurationPlatforms) = preSolution
		Debug|Any CPU = Debug|Any CPU
		Release|Any CPU = Release|Any CPU
	EndGlobalSection
	GlobalSection(ProjectConfigurationPlatforms) = postSolution
		{70CFFD0F-7B12-43EC-9C57-9080937A6B04}.Debug|Any CPU.ActiveCfg = Debug|Any CPU
		{70CFFD0F-7B12-43EC-9C57-9080937A6B04}.Debug|Any CPU.Build.0 = Debug|Any CPU
		{70CFFD0F-7B12-43EC-9C57-9080937A6B04}.Release|Any CPU.ActiveCfg = Release|Any CPU
		{70CFFD0F-7B12-43EC-9C57-9080937A6B04}.Release|Any CPU.Build.0 = Release|Any CPU
	EndGlobalSection
	GlobalSection(SolutionProperties) = preSolution
		HideSolutionNode = FALSE
	EndGlobalSection
	GlobalSection(ExtensibilityGlobals) = postSolution
		SolutionGuid = {94A191D7-42F0-4A7D-BA18-9C17613A5AA2}
	EndGlobalSection
EndGlobal
